
Microsoft Visual Studio Solution File, Format Version 12.00
# Visual Studio 14
VisualStudioVersion = 14.0.24720.0
MinimumVisualStudioVersion = 10.0.40219.1
Project("{FAE04EC0-301F-11D3-BF4B-00C04F79EFBC}") = "TmsDemo.Web", "TmsDemo.Web\TmsDemo.Web.csproj", "{92E4568B-263A-4719-B676-38BFCE56205D}"
EndProject
Project("{FAE04EC0-301F-11D3-BF4B-00C04F79EFBC}") = "TmsDemo.Test", "TmsDemo.Test\TmsDemo.Test.csproj", "{177D4D68-AB52-42C7-9F0D-29A5089B43EE}"
EndProject
Project("{FAE04EC0-301F-11D3-BF4B-00C04F79EFBC}") = "TmsDemo.Data", "TmsDemo.Data\TmsDemo.Data.csproj", "{D987D6FA-528F-4708-B219-09C0349040A9}"
EndProject
Global
	GlobalSection(SolutionConfigurationPlatforms) = preSolution
		Debug|Any CPU = Debug|Any CPU
		Release|Any CPU = Release|Any CPU
	EndGlobalSection
	GlobalSection(ProjectConfigurationPlatforms) = postSolution
		{92E4568B-263A-4719-B676-38BFCE56205D}.Debug|Any CPU.ActiveCfg = Debug|Any CPU
		{92E4568B-263A-4719-B676-38BFCE56205D}.Debug|Any CPU.Build.0 = Debug|Any CPU
		{92E4568B-263A-4719-B676-38BFCE56205D}.Release|Any CPU.ActiveCfg = Release|Any CPU
		{92E4568B-263A-4719-B676-38BFCE56205D}.Release|Any CPU.Build.0 = Release|Any CPU
		{177D4D68-AB52-42C7-9F0D-29A5089B43EE}.Debug|Any CPU.ActiveCfg = Debug|Any CPU
		{177D4D68-AB52-42C7-9F0D-29A5089B43EE}.Debug|Any CPU.Build.0 = Debug|Any CPU
		{177D4D68-AB52-42C7-9F0D-29A5089B43EE}.Release|Any CPU.ActiveCfg = Release|Any CPU
		{177D4D68-AB52-42C7-9F0D-29A5089B43EE}.Release|Any CPU.Build.0 = Release|Any CPU
		{D987D6FA-528F-4708-B219-09C0349040A9}.Debug|Any CPU.ActiveCfg = Debug|Any CPU
		{D987D6FA-528F-4708-B219-09C0349040A9}.Debug|Any CPU.Build.0 = Debug|Any CPU
		{D987D6FA-528F-4708-B219-09C0349040A9}.Release|Any CPU.ActiveCfg = Release|Any CPU
		{D987D6FA-528F-4708-B219-09C0349040A9}.Release|Any CPU.Build.0 = Release|Any CPU
	EndGlobalSection
	GlobalSection(SolutionProperties) = preSolution
		HideSolutionNode = FALSE
	EndGlobalSection
EndGlobal
